
Microsoft Visual Studio Solution File, Format Version 12.00
# Visual Studio Version 17
VisualStudioVersion = 17.7.34031.279
MinimumVisualStudioVersion = 10.0.40219.1
Project("{FAE04EC0-301F-11D3-BF4B-00C04F79EFBC}") = "FindMeARoommate", "FindMeARoommate\FindMeARoommate.csproj", "{6C5392BA-3BE8-4A58-B9F3-342AC0914B28}"
EndProject
Global
	GlobalSection(SolutionConfigurationPlatforms) = preSolution
		Debug|Any CPU = Debug|Any CPU
		Release|Any CPU = Release|Any CPU
	EndGlobalSection
	GlobalSection(ProjectConfigurationPlatforms) = postSolution
		{6C5392BA-3BE8-4A58-B9F3-342AC0914B28}.Debug|Any CPU.ActiveCfg = Debug|Any CPU
		{6C5392BA-3BE8-4A58-B9F3-342AC0914B28}.Debug|Any CPU.Build.0 = Debug|Any CPU
		{6C5392BA-3BE8-4A58-B9F3-342AC0914B28}.Release|Any CPU.ActiveCfg = Release|Any CPU
		{6C5392BA-3BE8-4A58-B9F3-342AC0914B28}.Release|Any CPU.Build.0 = Release|Any CPU
	EndGlobalSection
	GlobalSection(SolutionProperties) = preSolution
		HideSolutionNode = FALSE
	EndGlobalSection
	GlobalSection(ExtensibilityGlobals) = postSolution
		SolutionGuid = {86CA95F2-B07A-4A03-A204-D4434CCBE59E}
	EndGlobalSection
EndGlobal
